
Microsoft Visual Studio Solution File, Format Version 12.00
# Visual Studio Version 16
VisualStudioVersion = 16.6.30114.105
MinimumVisualStudioVersion = 10.0.40219.1
Project("{9A19103F-16F7-4668-BE54-9A1E7A4F7556}") = "Model.Application", "AutobemBackend\Model.Application.csproj", "{B6AD048D-1C3D-40AC-8F60-33D97F359C97}"
EndProject
Project("{2150E333-8FDC-42A3-9474-1A3956D46DE8}") = "1 - Application", "1 - Application", "{FA871C3D-EED7-4E87-80B8-483F2BBA12FC}"
EndProject
Project("{2150E333-8FDC-42A3-9474-1A3956D46DE8}") = "2 - Domain", "2 - Domain", "{7C447BC5-3A98-4F5B-9B2A-9ABBADE511D0}"
EndProject
Project("{2150E333-8FDC-42A3-9474-1A3956D46DE8}") = "3 - Service", "3 - Service", "{9861356C-2C96-4E79-980D-30BF3CDF695C}"
EndProject
Project("{2150E333-8FDC-42A3-9474-1A3956D46DE8}") = "4 - Infra", "4 - Infra", "{A7261686-DAA9-4B8B-A044-470B578EF205}"
EndProject
Project("{2150E333-8FDC-42A3-9474-1A3956D46DE8}") = "4.1 - Data", "4.1 - Data", "{C4E5AE91-B40A-4904-A5B7-8EAF75BB8054}"
EndProject
Project("{2150E333-8FDC-42A3-9474-1A3956D46DE8}") = "4.2 - CrossCutting", "4.2 - CrossCutting", "{5918941C-E4FC-4712-818C-3A15CD4F9449}"
EndProject
Project("{9A19103F-16F7-4668-BE54-9A1E7A4F7556}") = "Model.Domain", "Model.Domain\Model.Domain.csproj", "{B5CD2548-7179-4C06-B755-4407F7CCA4FA}"
EndProject
Project("{9A19103F-16F7-4668-BE54-9A1E7A4F7556}") = "Model.Service", "Model.Service\Model.Service.csproj", "{BA839866-71DE-497D-B784-FC0712E7BB36}"
EndProject
Project("{9A19103F-16F7-4668-BE54-9A1E7A4F7556}") = "Model.Infra.Data", "Model.Infra.Data\Model.Infra.Data.csproj", "{B4728021-4896-4A76-9B29-78D456E62852}"
EndProject
Project("{9A19103F-16F7-4668-BE54-9A1E7A4F7556}") = "Model.Infra.CrossCutting", "Model.Infra.CrossCutting\Model.Infra.CrossCutting.csproj", "{73F7BD43-9A35-4DB0-A1C1-C0F53BE9F8AA}"
EndProject
Global
	GlobalSection(SolutionConfigurationPlatforms) = preSolution
		Debug|Any CPU = Debug|Any CPU
		Debug|x64 = Debug|x64
		Debug|x86 = Debug|x86
		Release|Any CPU = Release|Any CPU
		Release|x64 = Release|x64
		Release|x86 = Release|x86
	EndGlobalSection
	GlobalSection(ProjectConfigurationPlatforms) = postSolution
		{B6AD048D-1C3D-40AC-8F60-33D97F359C97}.Debug|Any CPU.ActiveCfg = Debug|Any CPU
		{B6AD048D-1C3D-40AC-8F60-33D97F359C97}.Debug|Any CPU.Build.0 = Debug|Any CPU
		{B6AD048D-1C3D-40AC-8F60-33D97F359C97}.Debug|x64.ActiveCfg = Debug|Any CPU
		{B6AD048D-1C3D-40AC-8F60-33D97F359C97}.Debug|x64.Build.0 = Debug|Any CPU
		{B6AD048D-1C3D-40AC-8F60-33D97F359C97}.Debug|x86.ActiveCfg = Debug|Any CPU
		{B6AD048D-1C3D-40AC-8F60-33D97F359C97}.Debug|x86.Build.0 = Debug|Any CPU
		{B6AD048D-1C3D-40AC-8F60-33D97F359C97}.Release|Any CPU.ActiveCfg = Release|Any CPU
		{B6AD048D-1C3D-40AC-8F60-33D97F359C97}.Release|Any CPU.Build.0 = Release|Any CPU
		{B6AD048D-1C3D-40AC-8F60-33D97F359C97}.Release|x64.ActiveCfg = Release|Any CPU
		{B6AD048D-1C3D-40AC-8F60-33D97F359C97}.Release|x64.Build.0 = Release|Any CPU
		{B6AD048D-1C3D-40AC-8F60-33D97F359C97}.Release|x86.ActiveCfg = Release|Any CPU
		{B6AD048D-1C3D-40AC-8F60-33D97F359C97}.Release|x86.Build.0 = Release|Any CPU
		{B5CD2548-7179-4C06-B755-4407F7CCA4FA}.Debug|Any CPU.ActiveCfg = Debug|Any CPU
		{B5CD2548-7179-4C06-B755-4407F7CCA4FA}.Debug|Any CPU.Build.0 = Debug|Any CPU
		{B5CD2548-7179-4C06-B755-4407F7CCA4FA}.Debug|x64.ActiveCfg = Debug|Any CPU
		{B5CD2548-7179-4C06-B755-4407F7CCA4FA}.Debug|x64.Build.0 = Debug|Any CPU
		{B5CD2548-7179-4C06-B755-4407F7CCA4FA}.Debug|x86.ActiveCfg = Debug|Any CPU
		{B5CD2548-7179-4C06-B755-4407F7CCA4FA}.Debug|x86.Build.0 = Debug|Any CPU
		{B5CD2548-7179-4C06-B755-4407F7CCA4FA}.Release|Any CPU.ActiveCfg = Release|Any CPU
		{B5CD2548-7179-4C06-B755-4407F7CCA4FA}.Release|Any CPU.Build.0 = Release|Any CPU
		{B5CD2548-7179-4C06-B755-4407F7CCA4FA}.Release|x64.ActiveCfg = Release|Any CPU
		{B5CD2548-7179-4C06-B755-4407F7CCA4FA}.Release|x64.Build.0 = Release|Any CPU
		{B5CD2548-7179-4C06-B755-4407F7CCA4FA}.Release|x86.ActiveCfg = Release|Any CPU
		{B5CD2548-7179-4C06-B755-4407F7CCA4FA}.Release|x86.Build.0 = Release|Any CPU
		{BA839866-71DE-497D-B784-FC0712E7BB36}.Debug|Any CPU.ActiveCfg = Debug|Any CPU
		{BA839866-71DE-497D-B784-FC0712E7BB36}.Debug|Any CPU.Build.0 = Debug|Any CPU
		{BA839866-71DE-497D-B784-FC0712E7BB36}.Debug|x64.ActiveCfg = Debug|Any CPU
		{BA839866-71DE-497D-B784-FC0712E7BB36}.Debug|x64.Build.0 = Debug|Any CPU
		{BA839866-71DE-497D-B784-FC0712E7BB36}.Debug|x86.ActiveCfg = Debug|Any CPU
		{BA839866-71DE-497D-B784-FC0712E7BB36}.Debug|x86.Build.0 = Debug|Any CPU
		{BA839866-71DE-497D-B784-FC0712E7BB36}.Release|Any CPU.ActiveCfg = Release|Any CPU
		{BA839866-71DE-497D-B784-FC0712E7BB36}.Release|Any CPU.Build.0 = Release|Any CPU
		{BA839866-71DE-497D-B784-FC0712E7BB36}.Release|x64.ActiveCfg = Release|Any CPU
		{BA839866-71DE-497D-B784-FC0712E7BB36}.Release|x64.Build.0 = Release|Any CPU
		{BA839866-71DE-497D-B784-FC0712E7BB36}.Release|x86.ActiveCfg = Release|Any CPU
		{BA839866-71DE-497D-B784-FC0712E7BB36}.Release|x86.Build.0 = Release|Any CPU
		{B4728021-4896-4A76-9B29-78D456E62852}.Debug|Any CPU.ActiveCfg = Debug|Any CPU
		{B4728021-4896-4A76-9B29-78D456E62852}.Debug|Any CPU.Build.0 = Debug|Any CPU
		{B4728021-4896-4A76-9B29-78D456E62852}.Debug|x64.ActiveCfg = Debug|Any CPU
		{B4728021-4896-4A76-9B29-78D456E62852}.Debug|x64.Build.0 = Debug|Any CPU
		{B4728021-4896-4A76-9B29-78D456E62852}.Debug|x86.ActiveCfg = Debug|Any CPU
		{B4728021-4896-4A76-9B29-78D456E62852}.Debug|x86.Build.0 = Debug|Any CPU
		{B4728021-4896-4A76-9B29-78D456E62852}.Release|Any CPU.ActiveCfg = Release|Any CPU
		{B4728021-4896-4A76-9B29-78D456E62852}.Release|Any CPU.Build.0 = Release|Any CPU
		{B4728021-4896-4A76-9B29-78D456E62852}.Release|x64.ActiveCfg = Release|Any CPU
		{B4728021-4896-4A76-9B29-78D456E62852}.Release|x64.Build.0 = Release|Any CPU
		{B4728021-4896-4A76-9B29-78D456E62852}.Release|x86.ActiveCfg = Release|Any CPU
		{B4728021-4896-4A76-9B29-78D456E62852}.Release|x86.Build.0 = Release|Any CPU
		{73F7BD43-9A35-4DB0-A1C1-C0F53BE9F8AA}.Debug|Any CPU.ActiveCfg = Debug|Any CPU
		{73F7BD43-9A35-4DB0-A1C1-C0F53BE9F8AA}.Debug|Any CPU.Build.0 = Debug|Any CPU
		{73F7BD43-9A35-4DB0-A1C1-C0F53BE9F8AA}.Debug|x64.ActiveCfg = Debug|Any CPU
		{73F7BD43-9A35-4DB0-A1C1-C0F53BE9F8AA}.Debug|x64.Build.0 = Debug|Any CPU
		{73F7BD43-9A35-4DB0-A1C1-C0F53BE9F8AA}.Debug|x86.ActiveCfg = Debug|Any CPU
		{73F7BD43-9A35-4DB0-A1C1-C0F53BE9F8AA}.Debug|x86.Build.0 = Debug|Any CPU
		{73F7BD43-9A35-4DB0-A1C1-C0F53BE9F8AA}.Release|Any CPU.ActiveCfg = Release|Any CPU
		{73F7BD43-9A35-4DB0-A1C1-C0F53BE9F8AA}.Release|Any CPU.Build.0 = Release|Any CPU
		{73F7BD43-9A35-4DB0-A1C1-C0F53BE9F8AA}.Release|x64.ActiveCfg = Release|Any CPU
		{73F7BD43-9A35-4DB0-A1C1-C0F53BE9F8AA}.Release|x64.Build.0 = Release|Any CPU
		{73F7BD43-9A35-4DB0-A1C1-C0F53BE9F8AA}.Release|x86.ActiveCfg = Release|Any CPU
		{73F7BD43-9A35-4DB0-A1C1-C0F53BE9F8AA}.Release|x86.Build.0 = Release|Any CPU
	EndGlobalSection
	GlobalSection(SolutionProperties) = preSolution
		HideSolutionNode = FALSE
	EndGlobalSection
	GlobalSection(NestedProjects) = preSolution
		{B6AD048D-1C3D-40AC-8F60-33D97F359C97} = {FA871C3D-EED7-4E87-80B8-483F2BBA12FC}
		{C4E5AE91-B40A-4904-A5B7-8EAF75BB8054} = {A7261686-DAA9-4B8B-A044-470B578EF205}
		{5918941C-E4FC-4712-818C-3A15CD4F9449} = {A7261686-DAA9-4B8B-A044-470B578EF205}
		{B5CD2548-7179-4C06-B755-4407F7CCA4FA} = {7C447BC5-3A98-4F5B-9B2A-9ABBADE511D0}
		{BA839866-71DE-497D-B784-FC0712E7BB36} = {9861356C-2C96-4E79-980D-30BF3CDF695C}
		{B4728021-4896-4A76-9B29-78D456E62852} = {C4E5AE91-B40A-4904-A5B7-8EAF75BB8054}
		{73F7BD43-9A35-4DB0-A1C1-C0F53BE9F8AA} = {5918941C-E4FC-4712-818C-3A15CD4F9449}
	EndGlobalSection
	GlobalSection(ExtensibilityGlobals) = postSolution
		SolutionGuid = {3FEE398A-A20B-41D7-AC74-7731DC48791A}
	EndGlobalSection
EndGlobal
