
Microsoft Visual Studio Solution File, Format Version 12.00
# Visual Studio Version 16
VisualStudioVersion = 16.0.30517.126
MinimumVisualStudioVersion = 10.0.40219.1
Project("{2150E333-8FDC-42A3-9474-1A3956D46DE8}") = "Application", "Application", "{C8998EAC-1648-47C1-BF93-0126AC79FA35}"
EndProject
Project("{2150E333-8FDC-42A3-9474-1A3956D46DE8}") = "Domain", "Domain", "{A31EBD86-66E9-4A8B-9EAE-79A49E495FBD}"
EndProject
Project("{2150E333-8FDC-42A3-9474-1A3956D46DE8}") = "Service", "Service", "{1A88E49C-C0CE-4153-99A8-C9521ED348AB}"
EndProject
Project("{2150E333-8FDC-42A3-9474-1A3956D46DE8}") = "Infra", "Infra", "{CEF5C18A-54C7-4657-B46D-9E6AB708ED49}"
EndProject
Project("{2150E333-8FDC-42A3-9474-1A3956D46DE8}") = "Data", "Data", "{E5B56F4E-D6DE-444A-9E0A-93E4BF3973C5}"
EndProject
Project("{2150E333-8FDC-42A3-9474-1A3956D46DE8}") = "CrossCutting", "CrossCutting", "{E0CFB179-7D09-446A-82D4-9813B734D6D4}"
EndProject
Project("{9A19103F-16F7-4668-BE54-9A1E7A4F7556}") = "AUTOBEM.Infra.CrossCutting", "AUTOBEM.Infra.CrossCutting\AUTOBEM.Infra.CrossCutting.csproj", "{087939EC-B7C7-4635-95E2-0AEE30F64B42}"
EndProject
Project("{9A19103F-16F7-4668-BE54-9A1E7A4F7556}") = "AUTOBEM.Infra.Data", "AUTOBEM.Infra.Data\AUTOBEM.Infra.Data.csproj", "{38F8D945-F452-43CC-8AB5-1A802D5E9EBE}"
EndProject
Project("{9A19103F-16F7-4668-BE54-9A1E7A4F7556}") = "AUTOBEM.Service", "AUTOBEM.Service\AUTOBEM.Service.csproj", "{9A840C8C-02A5-4092-ADA3-616A780FB3BC}"
EndProject
Project("{9A19103F-16F7-4668-BE54-9A1E7A4F7556}") = "AUTOBEM.Domain", "AUTOBEM.Domain\AUTOBEM.Domain.csproj", "{3BDB63E7-1BC6-461F-9A2C-87A3B9F7BE85}"
EndProject
Project("{9A19103F-16F7-4668-BE54-9A1E7A4F7556}") = "AUTOBEM.Application", "AUTOBEM.Application\AUTOBEM.Application.csproj", "{56DBF4C8-61AA-4B6D-8AFD-A95D6B74E6E9}"
EndProject
Project("{2150E333-8FDC-42A3-9474-1A3956D46DE8}") = "Extensions", "Extensions", "{7BCB6E15-D57B-4D95-AA48-1FA5CE7651E9}"
EndProject
Project("{9A19103F-16F7-4668-BE54-9A1E7A4F7556}") = "AUTOBEM.Biblioteca", "AUTOBEM.Biblioteca\AUTOBEM.Biblioteca.csproj", "{267920E7-FDDA-47D8-B272-715B375B38DA}"
EndProject
Project("{2150E333-8FDC-42A3-9474-1A3956D46DE8}") = "JSON Postman", "JSON Postman", "{B06293A3-5FA3-4E09-8CE7-71E183D15455}"
	ProjectSection(SolutionItems) = preProject
		Autobem.postman_collection.json = Autobem.postman_collection.json
	EndProjectSection
EndProject
Global
	GlobalSection(SolutionConfigurationPlatforms) = preSolution
		Debug|Any CPU = Debug|Any CPU
		Release|Any CPU = Release|Any CPU
	EndGlobalSection
	GlobalSection(ProjectConfigurationPlatforms) = postSolution
		{087939EC-B7C7-4635-95E2-0AEE30F64B42}.Debug|Any CPU.ActiveCfg = Debug|Any CPU
		{087939EC-B7C7-4635-95E2-0AEE30F64B42}.Debug|Any CPU.Build.0 = Debug|Any CPU
		{087939EC-B7C7-4635-95E2-0AEE30F64B42}.Release|Any CPU.ActiveCfg = Release|Any CPU
		{087939EC-B7C7-4635-95E2-0AEE30F64B42}.Release|Any CPU.Build.0 = Release|Any CPU
		{38F8D945-F452-43CC-8AB5-1A802D5E9EBE}.Debug|Any CPU.ActiveCfg = Debug|Any CPU
		{38F8D945-F452-43CC-8AB5-1A802D5E9EBE}.Debug|Any CPU.Build.0 = Debug|Any CPU
		{38F8D945-F452-43CC-8AB5-1A802D5E9EBE}.Release|Any CPU.ActiveCfg = Release|Any CPU
		{38F8D945-F452-43CC-8AB5-1A802D5E9EBE}.Release|Any CPU.Build.0 = Release|Any CPU
		{9A840C8C-02A5-4092-ADA3-616A780FB3BC}.Debug|Any CPU.ActiveCfg = Debug|Any CPU
		{9A840C8C-02A5-4092-ADA3-616A780FB3BC}.Debug|Any CPU.Build.0 = Debug|Any CPU
		{9A840C8C-02A5-4092-ADA3-616A780FB3BC}.Release|Any CPU.ActiveCfg = Release|Any CPU
		{9A840C8C-02A5-4092-ADA3-616A780FB3BC}.Release|Any CPU.Build.0 = Release|Any CPU
		{3BDB63E7-1BC6-461F-9A2C-87A3B9F7BE85}.Debug|Any CPU.ActiveCfg = Debug|Any CPU
		{3BDB63E7-1BC6-461F-9A2C-87A3B9F7BE85}.Debug|Any CPU.Build.0 = Debug|Any CPU
		{3BDB63E7-1BC6-461F-9A2C-87A3B9F7BE85}.Release|Any CPU.ActiveCfg = Release|Any CPU
		{3BDB63E7-1BC6-461F-9A2C-87A3B9F7BE85}.Release|Any CPU.Build.0 = Release|Any CPU
		{56DBF4C8-61AA-4B6D-8AFD-A95D6B74E6E9}.Debug|Any CPU.ActiveCfg = Debug|Any CPU
		{56DBF4C8-61AA-4B6D-8AFD-A95D6B74E6E9}.Debug|Any CPU.Build.0 = Debug|Any CPU
		{56DBF4C8-61AA-4B6D-8AFD-A95D6B74E6E9}.Release|Any CPU.ActiveCfg = Release|Any CPU
		{56DBF4C8-61AA-4B6D-8AFD-A95D6B74E6E9}.Release|Any CPU.Build.0 = Release|Any CPU
		{267920E7-FDDA-47D8-B272-715B375B38DA}.Debug|Any CPU.ActiveCfg = Debug|Any CPU
		{267920E7-FDDA-47D8-B272-715B375B38DA}.Debug|Any CPU.Build.0 = Debug|Any CPU
		{267920E7-FDDA-47D8-B272-715B375B38DA}.Release|Any CPU.ActiveCfg = Release|Any CPU
		{267920E7-FDDA-47D8-B272-715B375B38DA}.Release|Any CPU.Build.0 = Release|Any CPU
	EndGlobalSection
	GlobalSection(SolutionProperties) = preSolution
		HideSolutionNode = FALSE
	EndGlobalSection
	GlobalSection(NestedProjects) = preSolution
		{E5B56F4E-D6DE-444A-9E0A-93E4BF3973C5} = {CEF5C18A-54C7-4657-B46D-9E6AB708ED49}
		{E0CFB179-7D09-446A-82D4-9813B734D6D4} = {CEF5C18A-54C7-4657-B46D-9E6AB708ED49}
		{087939EC-B7C7-4635-95E2-0AEE30F64B42} = {E0CFB179-7D09-446A-82D4-9813B734D6D4}
		{38F8D945-F452-43CC-8AB5-1A802D5E9EBE} = {E5B56F4E-D6DE-444A-9E0A-93E4BF3973C5}
		{9A840C8C-02A5-4092-ADA3-616A780FB3BC} = {1A88E49C-C0CE-4153-99A8-C9521ED348AB}
		{3BDB63E7-1BC6-461F-9A2C-87A3B9F7BE85} = {A31EBD86-66E9-4A8B-9EAE-79A49E495FBD}
		{56DBF4C8-61AA-4B6D-8AFD-A95D6B74E6E9} = {C8998EAC-1648-47C1-BF93-0126AC79FA35}
		{267920E7-FDDA-47D8-B272-715B375B38DA} = {7BCB6E15-D57B-4D95-AA48-1FA5CE7651E9}
	EndGlobalSection
	GlobalSection(ExtensibilityGlobals) = postSolution
		SolutionGuid = {00E22CFA-2F63-4120-B758-3562AD4D209B}
	EndGlobalSection
EndGlobal
