
Microsoft Visual Studio Solution File, Format Version 12.00
# Visual Studio Version 17
VisualStudioVersion = 17.4.33213.308
MinimumVisualStudioVersion = 10.0.40219.1
Project("{9A19103F-16F7-4668-BE54-9A1E7A4F7556}") = "APICars", "WebApplication2\APICars.csproj", "{941A80DF-1D23-4FC4-8813-BF3683A23713}"
EndProject
Global
	GlobalSection(SolutionConfigurationPlatforms) = preSolution
		Debug|Any CPU = Debug|Any CPU
		Release|Any CPU = Release|Any CPU
	EndGlobalSection
	GlobalSection(ProjectConfigurationPlatforms) = postSolution
		{941A80DF-1D23-4FC4-8813-BF3683A23713}.Debug|Any CPU.ActiveCfg = Debug|Any CPU
		{941A80DF-1D23-4FC4-8813-BF3683A23713}.Debug|Any CPU.Build.0 = Debug|Any CPU
		{941A80DF-1D23-4FC4-8813-BF3683A23713}.Release|Any CPU.ActiveCfg = Release|Any CPU
		{941A80DF-1D23-4FC4-8813-BF3683A23713}.Release|Any CPU.Build.0 = Release|Any CPU
	EndGlobalSection
	GlobalSection(SolutionProperties) = preSolution
		HideSolutionNode = FALSE
	EndGlobalSection
	GlobalSection(ExtensibilityGlobals) = postSolution
		SolutionGuid = {646A9A79-6B83-4A7A-9ED6-614922D01637}
	EndGlobalSection
EndGlobal
