
Microsoft Visual Studio Solution File, Format Version 12.00
# Visual Studio Version 16
VisualStudioVersion = 16.0.30907.101
MinimumVisualStudioVersion = 10.0.40219.1
Project("{2150E333-8FDC-42A3-9474-1A3956D46DE8}") = "0 - Presentation", "0 - Presentation", "{826C2244-4D92-47F9-8376-B256D94D6634}"
EndProject
Project("{2150E333-8FDC-42A3-9474-1A3956D46DE8}") = "1 - Services", "1 - Services", "{E2FA6FAF-ED12-474A-8446-1C6B1FCC01C1}"
EndProject
Project("{2150E333-8FDC-42A3-9474-1A3956D46DE8}") = "2 - Application", "2 - Application", "{7B6B3A4B-F4EC-4387-AAFA-AA6D285292BB}"
EndProject
Project("{2150E333-8FDC-42A3-9474-1A3956D46DE8}") = "3 - Domain", "3 - Domain", "{A739060D-6C66-4A6D-BE20-44430550BED4}"
EndProject
Project("{2150E333-8FDC-42A3-9474-1A3956D46DE8}") = "4 - Infra", "4 - Infra", "{992089E2-3F89-42FD-A72D-07DC7ABEFEA2}"
EndProject
Project("{2150E333-8FDC-42A3-9474-1A3956D46DE8}") = "4.1 - Data", "4.1 - Data", "{6377BFF7-FEC2-47AB-8587-1FB0380CDE53}"
EndProject
Project("{9A19103F-16F7-4668-BE54-9A1E7A4F7556}") = "Autobem.Domain", "Autobem.Domain\Autobem.Domain.csproj", "{81113B7F-01C0-4978-AA4D-15F552D84C97}"
EndProject
Project("{9A19103F-16F7-4668-BE54-9A1E7A4F7556}") = "Autobem.Infra.Data", "Autobem.Infra.Data\Autobem.Infra.Data.csproj", "{FE0A9904-A2AE-46D8-83E5-85D13AD9EE88}"
EndProject
Project("{9A19103F-16F7-4668-BE54-9A1E7A4F7556}") = "Autobem.Application", "Autobem.Application\Autobem.Application.csproj", "{848BB495-32A4-4B09-ABE7-8F65AA85EC78}"
EndProject
Project("{9A19103F-16F7-4668-BE54-9A1E7A4F7556}") = "Autobem.Presentation", "Autobem.Presentation\Autobem.Presentation.csproj", "{A6FD82DF-5394-41F6-98B7-1C64E0101CAD}"
EndProject
Global
	GlobalSection(SolutionConfigurationPlatforms) = preSolution
		Debug|Any CPU = Debug|Any CPU
		Release|Any CPU = Release|Any CPU
	EndGlobalSection
	GlobalSection(ProjectConfigurationPlatforms) = postSolution
		{81113B7F-01C0-4978-AA4D-15F552D84C97}.Debug|Any CPU.ActiveCfg = Debug|Any CPU
		{81113B7F-01C0-4978-AA4D-15F552D84C97}.Debug|Any CPU.Build.0 = Debug|Any CPU
		{81113B7F-01C0-4978-AA4D-15F552D84C97}.Release|Any CPU.ActiveCfg = Release|Any CPU
		{81113B7F-01C0-4978-AA4D-15F552D84C97}.Release|Any CPU.Build.0 = Release|Any CPU
		{FE0A9904-A2AE-46D8-83E5-85D13AD9EE88}.Debug|Any CPU.ActiveCfg = Debug|Any CPU
		{FE0A9904-A2AE-46D8-83E5-85D13AD9EE88}.Debug|Any CPU.Build.0 = Debug|Any CPU
		{FE0A9904-A2AE-46D8-83E5-85D13AD9EE88}.Release|Any CPU.ActiveCfg = Release|Any CPU
		{FE0A9904-A2AE-46D8-83E5-85D13AD9EE88}.Release|Any CPU.Build.0 = Release|Any CPU
		{848BB495-32A4-4B09-ABE7-8F65AA85EC78}.Debug|Any CPU.ActiveCfg = Debug|Any CPU
		{848BB495-32A4-4B09-ABE7-8F65AA85EC78}.Debug|Any CPU.Build.0 = Debug|Any CPU
		{848BB495-32A4-4B09-ABE7-8F65AA85EC78}.Release|Any CPU.ActiveCfg = Release|Any CPU
		{848BB495-32A4-4B09-ABE7-8F65AA85EC78}.Release|Any CPU.Build.0 = Release|Any CPU
		{A6FD82DF-5394-41F6-98B7-1C64E0101CAD}.Debug|Any CPU.ActiveCfg = Debug|Any CPU
		{A6FD82DF-5394-41F6-98B7-1C64E0101CAD}.Debug|Any CPU.Build.0 = Debug|Any CPU
		{A6FD82DF-5394-41F6-98B7-1C64E0101CAD}.Release|Any CPU.ActiveCfg = Release|Any CPU
		{A6FD82DF-5394-41F6-98B7-1C64E0101CAD}.Release|Any CPU.Build.0 = Release|Any CPU
	EndGlobalSection
	GlobalSection(SolutionProperties) = preSolution
		HideSolutionNode = FALSE
	EndGlobalSection
	GlobalSection(NestedProjects) = preSolution
		{6377BFF7-FEC2-47AB-8587-1FB0380CDE53} = {992089E2-3F89-42FD-A72D-07DC7ABEFEA2}
		{81113B7F-01C0-4978-AA4D-15F552D84C97} = {A739060D-6C66-4A6D-BE20-44430550BED4}
		{FE0A9904-A2AE-46D8-83E5-85D13AD9EE88} = {6377BFF7-FEC2-47AB-8587-1FB0380CDE53}
		{848BB495-32A4-4B09-ABE7-8F65AA85EC78} = {7B6B3A4B-F4EC-4387-AAFA-AA6D285292BB}
		{A6FD82DF-5394-41F6-98B7-1C64E0101CAD} = {826C2244-4D92-47F9-8376-B256D94D6634}
	EndGlobalSection
	GlobalSection(ExtensibilityGlobals) = postSolution
		SolutionGuid = {07B093A0-30F3-4C1E-829B-69C304634258}
	EndGlobalSection
EndGlobal
